
Microsoft Visual Studio Solution File, Format Version 12.00
# Visual Studio Version 17
VisualStudioVersion = 17.3.32819.101
MinimumVisualStudioVersion = 10.0.40219.1
Project("{9A19103F-16F7-4668-BE54-9A1E7A4F7556}") = "ITCompanies", "ITCompanies\ITCompanies.csproj", "{7E48B09C-451C-4D84-A7AB-E2DE4B72C064}"
EndProject
Global
	GlobalSection(SolutionConfigurationPlatforms) = preSolution
		Debug|Any CPU = Debug|Any CPU
		Release|Any CPU = Release|Any CPU
	EndGlobalSection
	GlobalSection(ProjectConfigurationPlatforms) = postSolution
		{7E48B09C-451C-4D84-A7AB-E2DE4B72C064}.Debug|Any CPU.ActiveCfg = Debug|Any CPU
		{7E48B09C-451C-4D84-A7AB-E2DE4B72C064}.Debug|Any CPU.Build.0 = Debug|Any CPU
		{7E48B09C-451C-4D84-A7AB-E2DE4B72C064}.Release|Any CPU.ActiveCfg = Release|Any CPU
		{7E48B09C-451C-4D84-A7AB-E2DE4B72C064}.Release|Any CPU.Build.0 = Release|Any CPU
	EndGlobalSection
	GlobalSection(SolutionProperties) = preSolution
		HideSolutionNode = FALSE
	EndGlobalSection
	GlobalSection(ExtensibilityGlobals) = postSolution
		SolutionGuid = {969DAE0E-EC46-4EE5-BE6F-69231DC55916}
	EndGlobalSection
EndGlobal
